{
  "name": "cookies-banner",
  "version": "1.0.0",
  "lockfileVersion": 2,
  "requires": true,
  "packages": {
    "": {
      "name": "cookies-banner",
      "version": "1.0.0",
      "license": "MIT",
      "dependencies": {
        "@wbe/debug": "^1.0.0"
      }
    },
    "node_modules/@wbe/debug": {
      "version": "1.0.0",
      "resolved": "https://registry.npmjs.org/@wbe/debug/-/debug-1.0.0.tgz",
      "integrity": "sha512-aoNkoDuP9KZHpN11ByS57I0ikc9jZV+bUvOZ2hyx2vRJyX+bWhFruCazRYgx9XBR9yAraqyt20SljFOvC4arsQ=="
    }
  },
  "dependencies": {
    "@wbe/debug": {
      "version": "1.0.0",
      "resolved": "https://registry.npmjs.org/@wbe/debug/-/debug-1.0.0.tgz",
      "integrity": "sha512-aoNkoDuP9KZHpN11ByS57I0ikc9jZV+bUvOZ2hyx2vRJyX+bWhFruCazRYgx9XBR9yAraqyt20SljFOvC4arsQ=="
    }
  }
}
