{
  "name": "use-is-handheld-and-landscape",
  "version": "1.0.0",
  "lockfileVersion": 2,
  "requires": true,
  "packages": {
    "": {
      "name": "use-is-handheld-and-landscape",
      "version": "1.0.0",
      "license": "MIT",
      "dependencies": {
        "@cher-ami/utils": "^0.1.0",
        "@wbe/debug": "^1.0.0"
      }
    },
    "node_modules/@cher-ami/utils": {
      "version": "0.1.0",
      "resolved": "https://registry.npmjs.org/@cher-ami/utils/-/utils-0.1.0.tgz",
      "integrity": "sha512-L+F2Qo7AXxgW0qmvsCxXzrEFkuY+rSDppw6vuRrzX4LgRCETPtgzzyzYxFyMuHrH4JCovoZw33ik2rOssJzMNQ=="
    },
    "node_modules/@wbe/debug": {
      "version": "1.0.0",
      "resolved": "https://registry.npmjs.org/@wbe/debug/-/debug-1.0.0.tgz",
      "integrity": "sha512-aoNkoDuP9KZHpN11ByS57I0ikc9jZV+bUvOZ2hyx2vRJyX+bWhFruCazRYgx9XBR9yAraqyt20SljFOvC4arsQ=="
    }
  },
  "dependencies": {
    "@cher-ami/utils": {
      "version": "0.1.0",
      "resolved": "https://registry.npmjs.org/@cher-ami/utils/-/utils-0.1.0.tgz",
      "integrity": "sha512-L+F2Qo7AXxgW0qmvsCxXzrEFkuY+rSDppw6vuRrzX4LgRCETPtgzzyzYxFyMuHrH4JCovoZw33ik2rOssJzMNQ=="
    },
    "@wbe/debug": {
      "version": "1.0.0",
      "resolved": "https://registry.npmjs.org/@wbe/debug/-/debug-1.0.0.tgz",
      "integrity": "sha512-aoNkoDuP9KZHpN11ByS57I0ikc9jZV+bUvOZ2hyx2vRJyX+bWhFruCazRYgx9XBR9yAraqyt20SljFOvC4arsQ=="
    }
  }
}
