{
  "name": "custom-cursor",
  "version": "1.0.0",
  "lockfileVersion": 1,
  "requires": true,
  "dependencies": {
    "@solid-js/signal": {
      "version": "1.0.0-beta.1",
      "resolved": "https://registry.npmjs.org/@solid-js/signal/-/signal-1.0.0-beta.1.tgz",
      "integrity": "sha512-0QJL5d0YZ05G6QTlb7IIso7SCVyTki5YeqFK9LG0narwG7Uk/nx4HF30b0pQPSwNvA0Uhf7EIefj3wlyJSEJQg=="
    }
  }
}
