{
  "name": "custom-cursor",
  "version": "1.0.0",
  "lockfileVersion": 2,
  "requires": true,
  "packages": {
    "": {
      "name": "custom-cursor",
      "version": "1.0.0",
      "license": "MIT",
      "dependencies": {
        "@solid-js/signal": "^1.0.0-beta.1"
      }
    },
    "node_modules/@solid-js/signal": {
      "version": "1.0.0-beta.1",
      "resolved": "https://registry.npmjs.org/@solid-js/signal/-/signal-1.0.0-beta.1.tgz",
      "integrity": "sha512-0QJL5d0YZ05G6QTlb7IIso7SCVyTki5YeqFK9LG0narwG7Uk/nx4HF30b0pQPSwNvA0Uhf7EIefj3wlyJSEJQg=="
    }
  },
  "dependencies": {
    "@solid-js/signal": {
      "version": "1.0.0-beta.1",
      "resolved": "https://registry.npmjs.org/@solid-js/signal/-/signal-1.0.0-beta.1.tgz",
      "integrity": "sha512-0QJL5d0YZ05G6QTlb7IIso7SCVyTki5YeqFK9LG0narwG7Uk/nx4HF30b0pQPSwNvA0Uhf7EIefj3wlyJSEJQg=="
    }
  }
}
