{
  "name": "custom-cursor",
  "version": "1.0.0",
  "lockfileVersion": 2,
  "requires": true,
  "packages": {
    "": {
      "name": "custom-cursor",
      "version": "1.0.0",
      "license": "MIT",
      "dependencies": {
        "@cher-ami/utils": "^0.1.0",
        "@zouloux/signal": "^0.2.4"
      }
    },
    "node_modules/@cher-ami/utils": {
      "version": "0.1.0",
      "resolved": "https://registry.npmjs.org/@cher-ami/utils/-/utils-0.1.0.tgz",
      "integrity": "sha512-L+F2Qo7AXxgW0qmvsCxXzrEFkuY+rSDppw6vuRrzX4LgRCETPtgzzyzYxFyMuHrH4JCovoZw33ik2rOssJzMNQ=="
    },
    "node_modules/@zouloux/signal": {
      "version": "0.2.4",
      "resolved": "https://registry.npmjs.org/@zouloux/signal/-/signal-0.2.4.tgz",
      "integrity": "sha512-5xwTaZ4p1+fnvB1MHhWGpenDs5MMU2hjFyt6hveBISRIu5jTU6NxKTIz6PQbSeTdZvMTyOehjHbLbB3YFb9zyA=="
    }
  },
  "dependencies": {
    "@cher-ami/utils": {
      "version": "0.1.0",
      "resolved": "https://registry.npmjs.org/@cher-ami/utils/-/utils-0.1.0.tgz",
      "integrity": "sha512-L+F2Qo7AXxgW0qmvsCxXzrEFkuY+rSDppw6vuRrzX4LgRCETPtgzzyzYxFyMuHrH4JCovoZw33ik2rOssJzMNQ=="
    },
    "@zouloux/signal": {
      "version": "0.2.4",
      "resolved": "https://registry.npmjs.org/@zouloux/signal/-/signal-0.2.4.tgz",
      "integrity": "sha512-5xwTaZ4p1+fnvB1MHhWGpenDs5MMU2hjFyt6hveBISRIu5jTU6NxKTIz6PQbSeTdZvMTyOehjHbLbB3YFb9zyA=="
    }
  }
}
